
Microsoft Visual Studio Solution File, Format Version 12.00
# Visual Studio Version 17
VisualStudioVersion = 17.3.32929.385
MinimumVisualStudioVersion = 10.0.40219.1
Project("{FAE04EC0-301F-11D3-BF4B-00C04F79EFBC}") = "AnotherTry", "AnotherTry.csproj", "{A9A108B0-0BB8-4534-B973-51D602D147CD}"
EndProject
Global
	GlobalSection(SolutionConfigurationPlatforms) = preSolution
		Debug|Any CPU = Debug|Any CPU
		Release|Any CPU = Release|Any CPU
	EndGlobalSection
	GlobalSection(ProjectConfigurationPlatforms) = postSolution
		{A9A108B0-0BB8-4534-B973-51D602D147CD}.Debug|Any CPU.ActiveCfg = Debug|Any CPU
		{A9A108B0-0BB8-4534-B973-51D602D147CD}.Debug|Any CPU.Build.0 = Debug|Any CPU
		{A9A108B0-0BB8-4534-B973-51D602D147CD}.Release|Any CPU.ActiveCfg = Release|Any CPU
		{A9A108B0-0BB8-4534-B973-51D602D147CD}.Release|Any CPU.Build.0 = Release|Any CPU
	EndGlobalSection
	GlobalSection(SolutionProperties) = preSolution
		HideSolutionNode = FALSE
	EndGlobalSection
	GlobalSection(ExtensibilityGlobals) = postSolution
		SolutionGuid = {922CBE83-B3ED-4CD0-8179-2EF42547A638}
	EndGlobalSection
EndGlobal
