
Microsoft Visual Studio Solution File, Format Version 12.00
# Visual Studio Version 17
VisualStudioVersion = 17.3.32929.385
MinimumVisualStudioVersion = 10.0.40219.1
Project("{FAE04EC0-301F-11D3-BF4B-00C04F79EFBC}") = "ManagerClient", "ManagerClient.csproj", "{B43C9A0C-F2B2-49D6-ABCF-73C3B939C958}"
EndProject
Global
	GlobalSection(SolutionConfigurationPlatforms) = preSolution
		Debug|Any CPU = Debug|Any CPU
		Release|Any CPU = Release|Any CPU
	EndGlobalSection
	GlobalSection(ProjectConfigurationPlatforms) = postSolution
		{B43C9A0C-F2B2-49D6-ABCF-73C3B939C958}.Debug|Any CPU.ActiveCfg = Debug|Any CPU
		{B43C9A0C-F2B2-49D6-ABCF-73C3B939C958}.Debug|Any CPU.Build.0 = Debug|Any CPU
		{B43C9A0C-F2B2-49D6-ABCF-73C3B939C958}.Release|Any CPU.ActiveCfg = Release|Any CPU
		{B43C9A0C-F2B2-49D6-ABCF-73C3B939C958}.Release|Any CPU.Build.0 = Release|Any CPU
	EndGlobalSection
	GlobalSection(SolutionProperties) = preSolution
		HideSolutionNode = FALSE
	EndGlobalSection
	GlobalSection(ExtensibilityGlobals) = postSolution
		SolutionGuid = {9A18B91A-84F8-40FD-8878-564ABAC3F091}
	EndGlobalSection
EndGlobal
